// !$*UTF8*$!
{
	archiveVersion = 1;
	classes = {
	};
	objectVersion = 50;
	objects = {

/* Begin PBXBuildFile section */
		0508BF2924C97267005488A9 /* ApplicationMessage.swift in Sources */ = {isa = PBXBuildFile; fileRef = 0508BF2824C97267005488A9 /* ApplicationMessage.swift */; };
		0508BF2B24C97798005488A9 /* WorkspaceMessage.swift in Sources */ = {isa = PBXBuildFile; fileRef = 0508BF2A24C97798005488A9 /* WorkspaceMessage.swift */; };
		0508BF2D24C97905005488A9 /* TextDocumentMessage.swift in Sources */ = {isa = PBXBuildFile; fileRef = 0508BF2C24C97905005488A9 /* TextDocumentMessage.swift */; };
		05114213250E7733002A4056 /* LSPConnectionDelegate.swift in Sources */ = {isa = PBXBuildFile; fileRef = 05114212250E7733002A4056 /* LSPConnectionDelegate.swift */; };
		05114215250E7774002A4056 /* MessageManagerDelegate.swift in Sources */ = {isa = PBXBuildFile; fileRef = 05114214250E7774002A4056 /* MessageManagerDelegate.swift */; };
		05114217250E77A1002A4056 /* MessageDelegate.swift in Sources */ = {isa = PBXBuildFile; fileRef = 05114216250E77A1002A4056 /* MessageDelegate.swift */; };
		0514099A24B120920015BBDC /* VoidValue.swift in Sources */ = {isa = PBXBuildFile; fileRef = 0514099924B120920015BBDC /* VoidValue.swift */; };
		05182B1D24D9DFE6007E8832 /* ClientCapabilities.yaml in Resources */ = {isa = PBXBuildFile; fileRef = 05182B1C24D9DFE6007E8832 /* ClientCapabilities.yaml */; };
		05182B2124D9F362007E8832 /* ClientCapabilities.plist in Resources */ = {isa = PBXBuildFile; fileRef = 05182B2024D9F362007E8832 /* ClientCapabilities.plist */; };
		05182B2424DA0364007E8832 /* ConfigType.swift in Sources */ = {isa = PBXBuildFile; fileRef = 05182B2324DA0364007E8832 /* ConfigType.swift */; };
		05182B2624DA0D52007E8832 /* LanguageServers.swift in Sources */ = {isa = PBXBuildFile; fileRef = 05182B2524DA0D52007E8832 /* LanguageServers.swift */; };
		05182B2824DA0E03007E8832 /* Workspaces.swift in Sources */ = {isa = PBXBuildFile; fileRef = 05182B2724DA0E03007E8832 /* Workspaces.swift */; };
		0529C51524D2DE37005AB13F /* LSPMessagingTests.swift in Sources */ = {isa = PBXBuildFile; fileRef = 0529C51424D2DE37005AB13F /* LSPMessagingTests.swift */; };
		0529C51724D2DE4C005AB13F /* LSPCodingTests.swift in Sources */ = {isa = PBXBuildFile; fileRef = 0529C51624D2DE4C005AB13F /* LSPCodingTests.swift */; };
		0529C51A24D2DF43005AB13F /* TestConnection.swift in Sources */ = {isa = PBXBuildFile; fileRef = 0529C51924D2DF43005AB13F /* TestConnection.swift */; };
		0529C51C24D2F33C005AB13F /* MessagingDelegateStub.swift in Sources */ = {isa = PBXBuildFile; fileRef = 0529C51B24D2F33C005AB13F /* MessagingDelegateStub.swift */; };
		0529C51E24D2F379005AB13F /* Functions.swift in Sources */ = {isa = PBXBuildFile; fileRef = 0529C51D24D2F379005AB13F /* Functions.swift */; };
		0529C52024D2F3AD005AB13F /* Extensions.swift in Sources */ = {isa = PBXBuildFile; fileRef = 0529C51F24D2F3AD005AB13F /* Extensions.swift */; };
		052C0AEE249072050040241F /* MessageMethod.swift in Sources */ = {isa = PBXBuildFile; fileRef = 052C0AED249072050040241F /* MessageMethod.swift */; };
		0540191C24929D2100287026 /* RequiredValue.swift in Sources */ = {isa = PBXBuildFile; fileRef = 0540191B24929D2100287026 /* RequiredValue.swift */; };
		0540194924936B6100287026 /* URI.swift in Sources */ = {isa = PBXBuildFile; fileRef = 0540194824936B6100287026 /* URI.swift */; };
		0540194B24936BA900287026 /* TextPosition.swift in Sources */ = {isa = PBXBuildFile; fileRef = 0540194A24936BA900287026 /* TextPosition.swift */; };
		0540194D24936BE700287026 /* TextRange.swift in Sources */ = {isa = PBXBuildFile; fileRef = 0540194C24936BE700287026 /* TextRange.swift */; };
		0540194F24936C2300287026 /* Location.swift in Sources */ = {isa = PBXBuildFile; fileRef = 0540194E24936C2300287026 /* Location.swift */; };
		0540195124936C8200287026 /* LocationLink.swift in Sources */ = {isa = PBXBuildFile; fileRef = 0540195024936C8200287026 /* LocationLink.swift */; };
		0540195324936CC600287026 /* Diagnostic.swift in Sources */ = {isa = PBXBuildFile; fileRef = 0540195224936CC600287026 /* Diagnostic.swift */; };
		054019552493703600287026 /* Command.swift in Sources */ = {isa = PBXBuildFile; fileRef = 054019542493703600287026 /* Command.swift */; };
		054019572493708400287026 /* TextEdit.swift in Sources */ = {isa = PBXBuildFile; fileRef = 054019562493708400287026 /* TextEdit.swift */; };
		054019592493718200287026 /* TextDocumentEdit.swift in Sources */ = {isa = PBXBuildFile; fileRef = 054019582493718200287026 /* TextDocumentEdit.swift */; };
		0540195B249373E700287026 /* FileResourceChanges.swift in Sources */ = {isa = PBXBuildFile; fileRef = 0540195A249373E700287026 /* FileResourceChanges.swift */; };
		0541881D2490C71900C6D9A2 /* ParameterType.swift in Sources */ = {isa = PBXBuildFile; fileRef = 0541881C2490C71900C6D9A2 /* ParameterType.swift */; };
		056732C8249606C300E7650B /* WorkspaceEdit.swift in Sources */ = {isa = PBXBuildFile; fileRef = 056732C7249606C300E7650B /* WorkspaceEdit.swift */; };
		056732CA249609FB00E7650B /* TextDocumentIdentifier.swift in Sources */ = {isa = PBXBuildFile; fileRef = 056732C9249609FB00E7650B /* TextDocumentIdentifier.swift */; };
		056732CC24960A2100E7650B /* TextDocumentItem.swift in Sources */ = {isa = PBXBuildFile; fileRef = 056732CB24960A2100E7650B /* TextDocumentItem.swift */; };
		056732CE24960A8800E7650B /* VersionedTextDocumentIdentifier.swift in Sources */ = {isa = PBXBuildFile; fileRef = 056732CD24960A8800E7650B /* VersionedTextDocumentIdentifier.swift */; };
		056732D024960CE700E7650B /* TextDocumentPositionParams.swift in Sources */ = {isa = PBXBuildFile; fileRef = 056732CF24960CE700E7650B /* TextDocumentPositionParams.swift */; };
		056732D224960D4600E7650B /* DocumentFilter.swift in Sources */ = {isa = PBXBuildFile; fileRef = 056732D124960D4600E7650B /* DocumentFilter.swift */; };
		056732D42496433E00E7650B /* MarkupContent.swift in Sources */ = {isa = PBXBuildFile; fileRef = 056732D32496433E00E7650B /* MarkupContent.swift */; };
		056B5C2424E30DFB00797D95 /* EditorView.swift in Sources */ = {isa = PBXBuildFile; fileRef = 056B5C2324E30DFB00797D95 /* EditorView.swift */; };
		056B5C2624E30E2900797D95 /* TextStorage.swift in Sources */ = {isa = PBXBuildFile; fileRef = 056B5C2524E30E2900797D95 /* TextStorage.swift */; };
		056B5C2824E30E6C00797D95 /* LayoutManager.swift in Sources */ = {isa = PBXBuildFile; fileRef = 056B5C2724E30E6C00797D95 /* LayoutManager.swift */; };
		056B5C2B24E30EEC00797D95 /* EditorViewController.swift in Sources */ = {isa = PBXBuildFile; fileRef = 056B5C2A24E30EEC00797D95 /* EditorViewController.swift */; };
		05828D7B249B6C7F008D2DA0 /* CodingError.swift in Sources */ = {isa = PBXBuildFile; fileRef = 05828D7A249B6C7F008D2DA0 /* CodingError.swift */; };
		0589B59024DD4EDD006E0C6F /* LineTable.swift in Sources */ = {isa = PBXBuildFile; fileRef = 0589B58F24DD4EDD006E0C6F /* LineTable.swift */; };
		058B6A13248C687D0099B32F /* MessageManager.swift in Sources */ = {isa = PBXBuildFile; fileRef = 058B6A12248C687D0099B32F /* MessageManager.swift */; };
		058B6A17248CF9650099B32F /* Message.swift in Sources */ = {isa = PBXBuildFile; fileRef = 058B6A16248CF9650099B32F /* Message.swift */; };
		058B6A19248CF9DD0099B32F /* RequestID.swift in Sources */ = {isa = PBXBuildFile; fileRef = 058B6A18248CF9DD0099B32F /* RequestID.swift */; };
		058B6A1B248D3D7C0099B32F /* ErrorResponse.swift in Sources */ = {isa = PBXBuildFile; fileRef = 058B6A1A248D3D7C0099B32F /* ErrorResponse.swift */; };
		058B6A1D248D79C00099B32F /* AnyValue.swift in Sources */ = {isa = PBXBuildFile; fileRef = 058B6A1C248D79C00099B32F /* AnyValue.swift */; };
		05BA10AF24D2D922009A3669 /* LSPConnection.swift in Sources */ = {isa = PBXBuildFile; fileRef = 05BA10AE24D2D922009A3669 /* LSPConnection.swift */; };
		05BAAB1C24A3530500A3EADC /* Common.swift in Sources */ = {isa = PBXBuildFile; fileRef = 05BAAB1B24A3530500A3EADC /* Common.swift */; };
		05BAAB1E24A3530E00A3EADC /* Initialize.swift in Sources */ = {isa = PBXBuildFile; fileRef = 05BAAB1D24A3530E00A3EADC /* Initialize.swift */; };
		05BAAB2024A3531900A3EADC /* UserMessage.swift in Sources */ = {isa = PBXBuildFile; fileRef = 05BAAB1F24A3531900A3EADC /* UserMessage.swift */; };
		05BAAB2224A3532300A3EADC /* Configuration.swift in Sources */ = {isa = PBXBuildFile; fileRef = 05BAAB2124A3532300A3EADC /* Configuration.swift */; };
		05BAAB2624A3533A00A3EADC /* FileEvent.swift in Sources */ = {isa = PBXBuildFile; fileRef = 05BAAB2524A3533A00A3EADC /* FileEvent.swift */; };
		05BAAB2824A3534300A3EADC /* WorkspaceSymbol.swift in Sources */ = {isa = PBXBuildFile; fileRef = 05BAAB2724A3534300A3EADC /* WorkspaceSymbol.swift */; };
		05BAAB2A24A3534D00A3EADC /* ExecuteCommand.swift in Sources */ = {isa = PBXBuildFile; fileRef = 05BAAB2924A3534D00A3EADC /* ExecuteCommand.swift */; };
		05BAAB2C24A3535600A3EADC /* ApplyWorkspaceEdit.swift in Sources */ = {isa = PBXBuildFile; fileRef = 05BAAB2B24A3535600A3EADC /* ApplyWorkspaceEdit.swift */; };
		05BAAB2E24A3535F00A3EADC /* PublishDiagnostic.swift in Sources */ = {isa = PBXBuildFile; fileRef = 05BAAB2D24A3535F00A3EADC /* PublishDiagnostic.swift */; };
		05BAAB3024A3536900A3EADC /* Completion.swift in Sources */ = {isa = PBXBuildFile; fileRef = 05BAAB2F24A3536900A3EADC /* Completion.swift */; };
		05BAAB3224A3537200A3EADC /* Hover.swift in Sources */ = {isa = PBXBuildFile; fileRef = 05BAAB3124A3537200A3EADC /* Hover.swift */; };
		05BAAB3424A3537B00A3EADC /* FindLocation.swift in Sources */ = {isa = PBXBuildFile; fileRef = 05BAAB3324A3537B00A3EADC /* FindLocation.swift */; };
		05BAAB3624A3538400A3EADC /* Highlight.swift in Sources */ = {isa = PBXBuildFile; fileRef = 05BAAB3524A3538400A3EADC /* Highlight.swift */; };
		05BAAB3824A3538D00A3EADC /* Symbol.swift in Sources */ = {isa = PBXBuildFile; fileRef = 05BAAB3724A3538D00A3EADC /* Symbol.swift */; };
		05BAAB3A24A3539600A3EADC /* CodeAction.swift in Sources */ = {isa = PBXBuildFile; fileRef = 05BAAB3924A3539600A3EADC /* CodeAction.swift */; };
		05BAAB3C24A3539F00A3EADC /* CodeFormat.swift in Sources */ = {isa = PBXBuildFile; fileRef = 05BAAB3B24A3539F00A3EADC /* CodeFormat.swift */; };
		05BAAB3E24A353A800A3EADC /* Rename.swift in Sources */ = {isa = PBXBuildFile; fileRef = 05BAAB3D24A353A800A3EADC /* Rename.swift */; };
		05CA5CF7248C5F1700582319 /* AppDelegate.swift in Sources */ = {isa = PBXBuildFile; fileRef = 05CA5CF6248C5F1700582319 /* AppDelegate.swift */; };
		05CA5D00248C5F1900582319 /* Assets.xcassets in Resources */ = {isa = PBXBuildFile; fileRef = 05CA5CFF248C5F1900582319 /* Assets.xcassets */; };
		05CA5D03248C5F1900582319 /* LaunchScreen.storyboard in Resources */ = {isa = PBXBuildFile; fileRef = 05CA5D01248C5F1900582319 /* LaunchScreen.storyboard */; };
		05CA5D0E248C5F1A00582319 /* LSPClientTests.swift in Sources */ = {isa = PBXBuildFile; fileRef = 05CA5D0D248C5F1A00582319 /* LSPClientTests.swift */; };
		05CFFB69248EBEA10069A7EA /* TCPConnection.swift in Sources */ = {isa = PBXBuildFile; fileRef = 05CFFB68248EBEA10069A7EA /* TCPConnection.swift */; };
		05D4D4AB24D6AA7400A76239 /* PropertiesType.swift in Sources */ = {isa = PBXBuildFile; fileRef = 05D4D4AA24D6AA7400A76239 /* PropertiesType.swift */; };
		05D4D4AD24D6AB8600A76239 /* ClientCapabilities.swift in Sources */ = {isa = PBXBuildFile; fileRef = 05D4D4AC24D6AB8600A76239 /* ClientCapabilities.swift */; };
		05D4D4AF24D6B13500A76239 /* ClientCapabilities_test.plist in Resources */ = {isa = PBXBuildFile; fileRef = 05D4D4AE24D6B13500A76239 /* ClientCapabilities_test.plist */; };
		05E6E6FD24F07E3600364E89 /* Token.swift in Sources */ = {isa = PBXBuildFile; fileRef = 05E6E6FC24F07E3600364E89 /* Token.swift */; };
/* End PBXBuildFile section */

/* Begin PBXContainerItemProxy section */
		05CA5D0A248C5F1A00582319 /* PBXContainerItemProxy */ = {
			isa = PBXContainerItemProxy;
			containerPortal = 05CA5CEB248C5F1700582319 /* Project object */;
			proxyType = 1;
			remoteGlobalIDString = 05CA5CF2248C5F1700582319;
			remoteInfo = LSPClient;
		};
/* End PBXContainerItemProxy section */

/* Begin PBXFileReference section */
		0508BF2824C97267005488A9 /* ApplicationMessage.swift */ = {isa = PBXFileReference; lastKnownFileType = sourcecode.swift; path = ApplicationMessage.swift; sourceTree = "<group>"; };
		0508BF2A24C97798005488A9 /* WorkspaceMessage.swift */ = {isa = PBXFileReference; lastKnownFileType = sourcecode.swift; path = WorkspaceMessage.swift; sourceTree = "<group>"; };
		0508BF2C24C97905005488A9 /* TextDocumentMessage.swift */ = {isa = PBXFileReference; lastKnownFileType = sourcecode.swift; path = TextDocumentMessage.swift; sourceTree = "<group>"; };
		05114212250E7733002A4056 /* LSPConnectionDelegate.swift */ = {isa = PBXFileReference; lastKnownFileType = sourcecode.swift; path = LSPConnectionDelegate.swift; sourceTree = "<group>"; };
		05114214250E7774002A4056 /* MessageManagerDelegate.swift */ = {isa = PBXFileReference; lastKnownFileType = sourcecode.swift; path = MessageManagerDelegate.swift; sourceTree = "<group>"; };
		05114216250E77A1002A4056 /* MessageDelegate.swift */ = {isa = PBXFileReference; lastKnownFileType = sourcecode.swift; path = MessageDelegate.swift; sourceTree = "<group>"; };
		0514099924B120920015BBDC /* VoidValue.swift */ = {isa = PBXFileReference; lastKnownFileType = sourcecode.swift; path = VoidValue.swift; sourceTree = "<group>"; };
		05182B1C24D9DFE6007E8832 /* ClientCapabilities.yaml */ = {isa = PBXFileReference; lastKnownFileType = text.yaml; path = ClientCapabilities.yaml; sourceTree = "<group>"; };
		05182B2024D9F362007E8832 /* ClientCapabilities.plist */ = {isa = PBXFileReference; fileEncoding = 4; lastKnownFileType = text.plist.xml; path = ClientCapabilities.plist; sourceTree = "<group>"; };
		05182B2324DA0364007E8832 /* ConfigType.swift */ = {isa = PBXFileReference; lastKnownFileType = sourcecode.swift; path = ConfigType.swift; sourceTree = "<group>"; };
		05182B2524DA0D52007E8832 /* LanguageServers.swift */ = {isa = PBXFileReference; lastKnownFileType = sourcecode.swift; path = LanguageServers.swift; sourceTree = "<group>"; };
		05182B2724DA0E03007E8832 /* Workspaces.swift */ = {isa = PBXFileReference; lastKnownFileType = sourcecode.swift; path = Workspaces.swift; sourceTree = "<group>"; };
		0529C51424D2DE37005AB13F /* LSPMessagingTests.swift */ = {isa = PBXFileReference; lastKnownFileType = sourcecode.swift; path = LSPMessagingTests.swift; sourceTree = "<group>"; };
		0529C51624D2DE4C005AB13F /* LSPCodingTests.swift */ = {isa = PBXFileReference; lastKnownFileType = sourcecode.swift; path = LSPCodingTests.swift; sourceTree = "<group>"; };
		0529C51924D2DF43005AB13F /* TestConnection.swift */ = {isa = PBXFileReference; lastKnownFileType = sourcecode.swift; path = TestConnection.swift; sourceTree = "<group>"; };
		0529C51B24D2F33C005AB13F /* MessagingDelegateStub.swift */ = {isa = PBXFileReference; lastKnownFileType = sourcecode.swift; path = MessagingDelegateStub.swift; sourceTree = "<group>"; };
		0529C51D24D2F379005AB13F /* Functions.swift */ = {isa = PBXFileReference; lastKnownFileType = sourcecode.swift; path = Functions.swift; sourceTree = "<group>"; };
		0529C51F24D2F3AD005AB13F /* Extensions.swift */ = {isa = PBXFileReference; lastKnownFileType = sourcecode.swift; path = Extensions.swift; sourceTree = "<group>"; };
		052C0AED249072050040241F /* MessageMethod.swift */ = {isa = PBXFileReference; lastKnownFileType = sourcecode.swift; path = MessageMethod.swift; sourceTree = "<group>"; };
		0540191B24929D2100287026 /* RequiredValue.swift */ = {isa = PBXFileReference; lastKnownFileType = sourcecode.swift; path = RequiredValue.swift; sourceTree = "<group>"; };
		0540194824936B6100287026 /* URI.swift */ = {isa = PBXFileReference; lastKnownFileType = sourcecode.swift; path = URI.swift; sourceTree = "<group>"; };
		0540194A24936BA900287026 /* TextPosition.swift */ = {isa = PBXFileReference; lastKnownFileType = sourcecode.swift; path = TextPosition.swift; sourceTree = "<group>"; };
		0540194C24936BE700287026 /* TextRange.swift */ = {isa = PBXFileReference; lastKnownFileType = sourcecode.swift; path = TextRange.swift; sourceTree = "<group>"; };
		0540194E24936C2300287026 /* Location.swift */ = {isa = PBXFileReference; lastKnownFileType = sourcecode.swift; path = Location.swift; sourceTree = "<group>"; };
		0540195024936C8200287026 /* LocationLink.swift */ = {isa = PBXFileReference; lastKnownFileType = sourcecode.swift; path = LocationLink.swift; sourceTree = "<group>"; };
		0540195224936CC600287026 /* Diagnostic.swift */ = {isa = PBXFileReference; lastKnownFileType = sourcecode.swift; path = Diagnostic.swift; sourceTree = "<group>"; };
		054019542493703600287026 /* Command.swift */ = {isa = PBXFileReference; lastKnownFileType = sourcecode.swift; path = Command.swift; sourceTree = "<group>"; };
		054019562493708400287026 /* TextEdit.swift */ = {isa = PBXFileReference; lastKnownFileType = sourcecode.swift; path = TextEdit.swift; sourceTree = "<group>"; };
		054019582493718200287026 /* TextDocumentEdit.swift */ = {isa = PBXFileReference; lastKnownFileType = sourcecode.swift; path = TextDocumentEdit.swift; sourceTree = "<group>"; };
		0540195A249373E700287026 /* FileResourceChanges.swift */ = {isa = PBXFileReference; lastKnownFileType = sourcecode.swift; path = FileResourceChanges.swift; sourceTree = "<group>"; };
		0541881C2490C71900C6D9A2 /* ParameterType.swift */ = {isa = PBXFileReference; lastKnownFileType = sourcecode.swift; path = ParameterType.swift; sourceTree = "<group>"; };
		056732C7249606C300E7650B /* WorkspaceEdit.swift */ = {isa = PBXFileReference; lastKnownFileType = sourcecode.swift; path = WorkspaceEdit.swift; sourceTree = "<group>"; };
		056732C9249609FB00E7650B /* TextDocumentIdentifier.swift */ = {isa = PBXFileReference; lastKnownFileType = sourcecode.swift; path = TextDocumentIdentifier.swift; sourceTree = "<group>"; };
		056732CB24960A2100E7650B /* TextDocumentItem.swift */ = {isa = PBXFileReference; lastKnownFileType = sourcecode.swift; path = TextDocumentItem.swift; sourceTree = "<group>"; };
		056732CD24960A8800E7650B /* VersionedTextDocumentIdentifier.swift */ = {isa = PBXFileReference; lastKnownFileType = sourcecode.swift; path = VersionedTextDocumentIdentifier.swift; sourceTree = "<group>"; };
		056732CF24960CE700E7650B /* TextDocumentPositionParams.swift */ = {isa = PBXFileReference; lastKnownFileType = sourcecode.swift; path = TextDocumentPositionParams.swift; sourceTree = "<group>"; };
		056732D124960D4600E7650B /* DocumentFilter.swift */ = {isa = PBXFileReference; lastKnownFileType = sourcecode.swift; path = DocumentFilter.swift; sourceTree = "<group>"; };
		056732D32496433E00E7650B /* MarkupContent.swift */ = {isa = PBXFileReference; lastKnownFileType = sourcecode.swift; path = MarkupContent.swift; sourceTree = "<group>"; };
		056B5C2324E30DFB00797D95 /* EditorView.swift */ = {isa = PBXFileReference; lastKnownFileType = sourcecode.swift; path = EditorView.swift; sourceTree = "<group>"; };
		056B5C2524E30E2900797D95 /* TextStorage.swift */ = {isa = PBXFileReference; lastKnownFileType = sourcecode.swift; path = TextStorage.swift; sourceTree = "<group>"; };
		056B5C2724E30E6C00797D95 /* LayoutManager.swift */ = {isa = PBXFileReference; lastKnownFileType = sourcecode.swift; path = LayoutManager.swift; sourceTree = "<group>"; };
		056B5C2A24E30EEC00797D95 /* EditorViewController.swift */ = {isa = PBXFileReference; lastKnownFileType = sourcecode.swift; path = EditorViewController.swift; sourceTree = "<group>"; };
		05828D7A249B6C7F008D2DA0 /* CodingError.swift */ = {isa = PBXFileReference; lastKnownFileType = sourcecode.swift; path = CodingError.swift; sourceTree = "<group>"; };
		0589B58F24DD4EDD006E0C6F /* LineTable.swift */ = {isa = PBXFileReference; lastKnownFileType = sourcecode.swift; path = LineTable.swift; sourceTree = "<group>"; };
		058B6A12248C687D0099B32F /* MessageManager.swift */ = {isa = PBXFileReference; lastKnownFileType = sourcecode.swift; path = MessageManager.swift; sourceTree = "<group>"; };
		058B6A16248CF9650099B32F /* Message.swift */ = {isa = PBXFileReference; lastKnownFileType = sourcecode.swift; path = Message.swift; sourceTree = "<group>"; };
		058B6A18248CF9DD0099B32F /* RequestID.swift */ = {isa = PBXFileReference; lastKnownFileType = sourcecode.swift; path = RequestID.swift; sourceTree = "<group>"; };
		058B6A1A248D3D7C0099B32F /* ErrorResponse.swift */ = {isa = PBXFileReference; lastKnownFileType = sourcecode.swift; path = ErrorResponse.swift; sourceTree = "<group>"; };
		058B6A1C248D79C00099B32F /* AnyValue.swift */ = {isa = PBXFileReference; lastKnownFileType = sourcecode.swift; path = AnyValue.swift; sourceTree = "<group>"; };
		05BA10AE24D2D922009A3669 /* LSPConnection.swift */ = {isa = PBXFileReference; lastKnownFileType = sourcecode.swift; path = LSPConnection.swift; sourceTree = "<group>"; };
		05BAAB1B24A3530500A3EADC /* Common.swift */ = {isa = PBXFileReference; lastKnownFileType = sourcecode.swift; path = Common.swift; sourceTree = "<group>"; };
		05BAAB1D24A3530E00A3EADC /* Initialize.swift */ = {isa = PBXFileReference; lastKnownFileType = sourcecode.swift; path = Initialize.swift; sourceTree = "<group>"; };
		05BAAB1F24A3531900A3EADC /* UserMessage.swift */ = {isa = PBXFileReference; lastKnownFileType = sourcecode.swift; path = UserMessage.swift; sourceTree = "<group>"; };
		05BAAB2124A3532300A3EADC /* Configuration.swift */ = {isa = PBXFileReference; lastKnownFileType = sourcecode.swift; path = Configuration.swift; sourceTree = "<group>"; };
		05BAAB2524A3533A00A3EADC /* FileEvent.swift */ = {isa = PBXFileReference; lastKnownFileType = sourcecode.swift; path = FileEvent.swift; sourceTree = "<group>"; };
		05BAAB2724A3534300A3EADC /* WorkspaceSymbol.swift */ = {isa = PBXFileReference; lastKnownFileType = sourcecode.swift; path = WorkspaceSymbol.swift; sourceTree = "<group>"; };
		05BAAB2924A3534D00A3EADC /* ExecuteCommand.swift */ = {isa = PBXFileReference; lastKnownFileType = sourcecode.swift; path = ExecuteCommand.swift; sourceTree = "<group>"; };
		05BAAB2B24A3535600A3EADC /* ApplyWorkspaceEdit.swift */ = {isa = PBXFileReference; lastKnownFileType = sourcecode.swift; path = ApplyWorkspaceEdit.swift; sourceTree = "<group>"; };
		05BAAB2D24A3535F00A3EADC /* PublishDiagnostic.swift */ = {isa = PBXFileReference; lastKnownFileType = sourcecode.swift; path = PublishDiagnostic.swift; sourceTree = "<group>"; };
		05BAAB2F24A3536900A3EADC /* Completion.swift */ = {isa = PBXFileReference; lastKnownFileType = sourcecode.swift; path = Completion.swift; sourceTree = "<group>"; };
		05BAAB3124A3537200A3EADC /* Hover.swift */ = {isa = PBXFileReference; lastKnownFileType = sourcecode.swift; path = Hover.swift; sourceTree = "<group>"; };
		05BAAB3324A3537B00A3EADC /* FindLocation.swift */ = {isa = PBXFileReference; lastKnownFileType = sourcecode.swift; path = FindLocation.swift; sourceTree = "<group>"; };
		05BAAB3524A3538400A3EADC /* Highlight.swift */ = {isa = PBXFileReference; lastKnownFileType = sourcecode.swift; path = Highlight.swift; sourceTree = "<group>"; };
		05BAAB3724A3538D00A3EADC /* Symbol.swift */ = {isa = PBXFileReference; lastKnownFileType = sourcecode.swift; path = Symbol.swift; sourceTree = "<group>"; };
		05BAAB3924A3539600A3EADC /* CodeAction.swift */ = {isa = PBXFileReference; lastKnownFileType = sourcecode.swift; path = CodeAction.swift; sourceTree = "<group>"; };
		05BAAB3B24A3539F00A3EADC /* CodeFormat.swift */ = {isa = PBXFileReference; lastKnownFileType = sourcecode.swift; path = CodeFormat.swift; sourceTree = "<group>"; };
		05BAAB3D24A353A800A3EADC /* Rename.swift */ = {isa = PBXFileReference; lastKnownFileType = sourcecode.swift; path = Rename.swift; sourceTree = "<group>"; };
		05CA5CF3248C5F1700582319 /* LSPClient.app */ = {isa = PBXFileReference; explicitFileType = wrapper.application; includeInIndex = 0; path = LSPClient.app; sourceTree = BUILT_PRODUCTS_DIR; };
		05CA5CF6248C5F1700582319 /* AppDelegate.swift */ = {isa = PBXFileReference; lastKnownFileType = sourcecode.swift; path = AppDelegate.swift; sourceTree = "<group>"; };
		05CA5CFF248C5F1900582319 /* Assets.xcassets */ = {isa = PBXFileReference; lastKnownFileType = folder.assetcatalog; path = Assets.xcassets; sourceTree = "<group>"; };
		05CA5D02248C5F1900582319 /* Base */ = {isa = PBXFileReference; lastKnownFileType = file.storyboard; name = Base; path = Base.lproj/LaunchScreen.storyboard; sourceTree = "<group>"; };
		05CA5D04248C5F1900582319 /* Info.plist */ = {isa = PBXFileReference; lastKnownFileType = text.plist.xml; path = Info.plist; sourceTree = "<group>"; };
		05CA5D09248C5F1A00582319 /* LSPClientTests.xctest */ = {isa = PBXFileReference; explicitFileType = wrapper.cfbundle; includeInIndex = 0; path = LSPClientTests.xctest; sourceTree = BUILT_PRODUCTS_DIR; };
		05CA5D0D248C5F1A00582319 /* LSPClientTests.swift */ = {isa = PBXFileReference; lastKnownFileType = sourcecode.swift; path = LSPClientTests.swift; sourceTree = "<group>"; };
		05CA5D0F248C5F1A00582319 /* Info.plist */ = {isa = PBXFileReference; lastKnownFileType = text.plist.xml; path = Info.plist; sourceTree = "<group>"; };
		05CFFB68248EBEA10069A7EA /* TCPConnection.swift */ = {isa = PBXFileReference; lastKnownFileType = sourcecode.swift; path = TCPConnection.swift; sourceTree = "<group>"; };
		05D4D4AA24D6AA7400A76239 /* PropertiesType.swift */ = {isa = PBXFileReference; lastKnownFileType = sourcecode.swift; path = PropertiesType.swift; sourceTree = "<group>"; };
		05D4D4AC24D6AB8600A76239 /* ClientCapabilities.swift */ = {isa = PBXFileReference; lastKnownFileType = sourcecode.swift; path = ClientCapabilities.swift; sourceTree = "<group>"; };
		05D4D4AE24D6B13500A76239 /* ClientCapabilities_test.plist */ = {isa = PBXFileReference; lastKnownFileType = text.plist.xml; path = ClientCapabilities_test.plist; sourceTree = "<group>"; };
		05E6E6FC24F07E3600364E89 /* Token.swift */ = {isa = PBXFileReference; lastKnownFileType = sourcecode.swift; path = Token.swift; sourceTree = "<group>"; };
/* End PBXFileReference section */

/* Begin PBXFrameworksBuildPhase section */
		05CA5CF0248C5F1700582319 /* Frameworks */ = {
			isa = PBXFrameworksBuildPhase;
			buildActionMask = 2147483647;
			files = (
			);
			runOnlyForDeploymentPostprocessing = 0;
		};
		05CA5D06248C5F1A00582319 /* Frameworks */ = {
			isa = PBXFrameworksBuildPhase;
			buildActionMask = 2147483647;
			files = (
			);
			runOnlyForDeploymentPostprocessing = 0;
		};
/* End PBXFrameworksBuildPhase section */

/* Begin PBXGroup section */
		0514099824B1204E0015BBDC /* Value */ = {
			isa = PBXGroup;
			children = (
				058B6A1C248D79C00099B32F /* AnyValue.swift */,
				058B6A18248CF9DD0099B32F /* RequestID.swift */,
				0540191B24929D2100287026 /* RequiredValue.swift */,
				0514099924B120920015BBDC /* VoidValue.swift */,
			);
			path = Value;
			sourceTree = "<group>";
		};
		05182B1B24D9DFB5007E8832 /* LSPClientUtils */ = {
			isa = PBXGroup;
			children = (
				05182B1C24D9DFE6007E8832 /* ClientCapabilities.yaml */,
			);
			path = LSPClientUtils;
			sourceTree = "<group>";
		};
		05182B2224DA02E2007E8832 /* Config */ = {
			isa = PBXGroup;
			children = (
				05182B2324DA0364007E8832 /* ConfigType.swift */,
				05182B2524DA0D52007E8832 /* LanguageServers.swift */,
				05182B2724DA0E03007E8832 /* Workspaces.swift */,
			);
			path = Config;
			sourceTree = "<group>";
		};
		0529C51824D2DF34005AB13F /* TestUtil */ = {
			isa = PBXGroup;
			children = (
				0529C51F24D2F3AD005AB13F /* Extensions.swift */,
				0529C51D24D2F379005AB13F /* Functions.swift */,
				0529C51B24D2F33C005AB13F /* MessagingDelegateStub.swift */,
				0529C51924D2DF43005AB13F /* TestConnection.swift */,
			);
			path = TestUtil;
			sourceTree = "<group>";
		};
		0540194724936B4E00287026 /* Structures */ = {
			isa = PBXGroup;
			children = (
				054019542493703600287026 /* Command.swift */,
				0540195224936CC600287026 /* Diagnostic.swift */,
				056732D124960D4600E7650B /* DocumentFilter.swift */,
				0540195A249373E700287026 /* FileResourceChanges.swift */,
				0540194E24936C2300287026 /* Location.swift */,
				0540195024936C8200287026 /* LocationLink.swift */,
				056732D32496433E00E7650B /* MarkupContent.swift */,
				054019582493718200287026 /* TextDocumentEdit.swift */,
				056732C9249609FB00E7650B /* TextDocumentIdentifier.swift */,
				056732CB24960A2100E7650B /* TextDocumentItem.swift */,
				056732CF24960CE700E7650B /* TextDocumentPositionParams.swift */,
				054019562493708400287026 /* TextEdit.swift */,
				0540194A24936BA900287026 /* TextPosition.swift */,
				0540194C24936BE700287026 /* TextRange.swift */,
				0540194824936B6100287026 /* URI.swift */,
				056732CD24960A8800E7650B /* VersionedTextDocumentIdentifier.swift */,
				056732C7249606C300E7650B /* WorkspaceEdit.swift */,
			);
			path = Structures;
			sourceTree = "<group>";
		};
		056732D5249643EC00E7650B /* Parameter */ = {
			isa = PBXGroup;
			children = (
				05BAAB2B24A3535600A3EADC /* ApplyWorkspaceEdit.swift */,
				05BAAB3924A3539600A3EADC /* CodeAction.swift */,
				05BAAB3B24A3539F00A3EADC /* CodeFormat.swift */,
				05BAAB1B24A3530500A3EADC /* Common.swift */,
				05BAAB2F24A3536900A3EADC /* Completion.swift */,
				05BAAB2124A3532300A3EADC /* Configuration.swift */,
				05BAAB2924A3534D00A3EADC /* ExecuteCommand.swift */,
				05BAAB2524A3533A00A3EADC /* FileEvent.swift */,
				05BAAB3324A3537B00A3EADC /* FindLocation.swift */,
				05BAAB3524A3538400A3EADC /* Highlight.swift */,
				05BAAB3124A3537200A3EADC /* Hover.swift */,
				05BAAB1D24A3530E00A3EADC /* Initialize.swift */,
				05BAAB2D24A3535F00A3EADC /* PublishDiagnostic.swift */,
				05BAAB3D24A353A800A3EADC /* Rename.swift */,
				05BAAB3724A3538D00A3EADC /* Symbol.swift */,
				05BAAB1F24A3531900A3EADC /* UserMessage.swift */,
				05BAAB2724A3534300A3EADC /* WorkspaceSymbol.swift */,
			);
			path = Parameter;
			sourceTree = "<group>";
		};
		056B5C2924E30EC600797D95 /* Console */ = {
			isa = PBXGroup;
			children = (
			);
			path = Console;
			sourceTree = "<group>";
		};
		0589B58824DCF869006E0C6F /* View */ = {
			isa = PBXGroup;
			children = (
				056B5C2924E30EC600797D95 /* Console */,
				0589B58A24DCF8FF006E0C6F /* Editor */,
			);
			path = View;
			sourceTree = "<group>";
		};
		0589B58924DCF87E006E0C6F /* FileManager */ = {
			isa = PBXGroup;
			children = (
			);
			path = FileManager;
			sourceTree = "<group>";
		};
		0589B58A24DCF8FF006E0C6F /* Editor */ = {
			isa = PBXGroup;
			children = (
				056B5C2324E30DFB00797D95 /* EditorView.swift */,
				056B5C2A24E30EEC00797D95 /* EditorViewController.swift */,
				056B5C2724E30E6C00797D95 /* LayoutManager.swift */,
				0589B58F24DD4EDD006E0C6F /* LineTable.swift */,
				056B5C2524E30E2900797D95 /* TextStorage.swift */,
				05E6E6FC24F07E3600364E89 /* Token.swift */,
			);
			path = Editor;
			sourceTree = "<group>";
		};
		0589B58D24DD4C9C006E0C6F /* Common */ = {
			isa = PBXGroup;
			children = (
				05182B2224DA02E2007E8832 /* Config */,
				05D4D4A924D6AA0800A76239 /* Properties */,
			);
			path = Common;
			sourceTree = "<group>";
		};
		058B6A11248C683A0099B32F /* LanguageServer */ = {
			isa = PBXGroup;
			children = (
				05BA10AD24D2D905009A3669 /* Connection */,
				058B6A14248CF9090099B32F /* JsonRPC */,
				05BA10B024D2D97E009A3669 /* Messaging */,
				058B6A15248CF9220099B32F /* Protocol */,
			);
			path = LanguageServer;
			sourceTree = "<group>";
		};
		058B6A14248CF9090099B32F /* JsonRPC */ = {
			isa = PBXGroup;
			children = (
				05828D7A249B6C7F008D2DA0 /* CodingError.swift */,
				058B6A1A248D3D7C0099B32F /* ErrorResponse.swift */,
				058B6A16248CF9650099B32F /* Message.swift */,
				052C0AED249072050040241F /* MessageMethod.swift */,
				0514099824B1204E0015BBDC /* Value */,
			);
			path = JsonRPC;
			sourceTree = "<group>";
		};
		058B6A15248CF9220099B32F /* Protocol */ = {
			isa = PBXGroup;
			children = (
				0541881C2490C71900C6D9A2 /* ParameterType.swift */,
				056732D5249643EC00E7650B /* Parameter */,
				0540194724936B4E00287026 /* Structures */,
			);
			path = Protocol;
			sourceTree = "<group>";
		};
		05BA10AD24D2D905009A3669 /* Connection */ = {
			isa = PBXGroup;
			children = (
				05BA10AE24D2D922009A3669 /* LSPConnection.swift */,
				05114212250E7733002A4056 /* LSPConnectionDelegate.swift */,
				05CFFB68248EBEA10069A7EA /* TCPConnection.swift */,
			);
			path = Connection;
			sourceTree = "<group>";
		};
		05BA10B024D2D97E009A3669 /* Messaging */ = {
			isa = PBXGroup;
			children = (
				0508BF2824C97267005488A9 /* ApplicationMessage.swift */,
				05114216250E77A1002A4056 /* MessageDelegate.swift */,
				058B6A12248C687D0099B32F /* MessageManager.swift */,
				05114214250E7774002A4056 /* MessageManagerDelegate.swift */,
				0508BF2C24C97905005488A9 /* TextDocumentMessage.swift */,
				0508BF2A24C97798005488A9 /* WorkspaceMessage.swift */,
			);
			path = Messaging;
			sourceTree = "<group>";
		};
		05CA5CEA248C5F1700582319 = {
			isa = PBXGroup;
			children = (
				05182B1B24D9DFB5007E8832 /* LSPClientUtils */,
				05CA5CF5248C5F1700582319 /* LSPClient */,
				05CA5D0C248C5F1A00582319 /* LSPClientTests */,
				05CA5CF4248C5F1700582319 /* Products */,
			);
			sourceTree = "<group>";
		};
		05CA5CF4248C5F1700582319 /* Products */ = {
			isa = PBXGroup;
			children = (
				05CA5CF3248C5F1700582319 /* LSPClient.app */,
				05CA5D09248C5F1A00582319 /* LSPClientTests.xctest */,
			);
			name = Products;
			sourceTree = "<group>";
		};
		05CA5CF5248C5F1700582319 /* LSPClient */ = {
			isa = PBXGroup;
			children = (
				05CA5D19248C5F4600582319 /* Resources */,
				05CA5D18248C5F3400582319 /* Sources */,
			);
			path = LSPClient;
			sourceTree = "<group>";
		};
		05CA5D0C248C5F1A00582319 /* LSPClientTests */ = {
			isa = PBXGroup;
			children = (
				05CA5D0F248C5F1A00582319 /* Info.plist */,
				05CA5D0D248C5F1A00582319 /* LSPClientTests.swift */,
				0529C51624D2DE4C005AB13F /* LSPCodingTests.swift */,
				0529C51424D2DE37005AB13F /* LSPMessagingTests.swift */,
				0529C51824D2DF34005AB13F /* TestUtil */,
			);
			path = LSPClientTests;
			sourceTree = "<group>";
		};
		05CA5D18248C5F3400582319 /* Sources */ = {
			isa = PBXGroup;
			children = (
				05CA5CF6248C5F1700582319 /* AppDelegate.swift */,
				0589B58D24DD4C9C006E0C6F /* Common */,
				0589B58924DCF87E006E0C6F /* FileManager */,
				058B6A11248C683A0099B32F /* LanguageServer */,
				0589B58824DCF869006E0C6F /* View */,
			);
			path = Sources;
			sourceTree = "<group>";
		};
		05CA5D19248C5F4600582319 /* Resources */ = {
			isa = PBXGroup;
			children = (
				05182B2024D9F362007E8832 /* ClientCapabilities.plist */,
				05D4D4AE24D6B13500A76239 /* ClientCapabilities_test.plist */,
				05CA5D04248C5F1900582319 /* Info.plist */,
				05CA5CFF248C5F1900582319 /* Assets.xcassets */,
				05CA5D01248C5F1900582319 /* LaunchScreen.storyboard */,
			);
			path = Resources;
			sourceTree = "<group>";
		};
		05D4D4A924D6AA0800A76239 /* Properties */ = {
			isa = PBXGroup;
			children = (
				05D4D4AC24D6AB8600A76239 /* ClientCapabilities.swift */,
				05D4D4AA24D6AA7400A76239 /* PropertiesType.swift */,
			);
			path = Properties;
			sourceTree = "<group>";
		};
/* End PBXGroup section */

/* Begin PBXNativeTarget section */
		05CA5CF2248C5F1700582319 /* LSPClient */ = {
			isa = PBXNativeTarget;
			buildConfigurationList = 05CA5D12248C5F1A00582319 /* Build configuration list for PBXNativeTarget "LSPClient" */;
			buildPhases = (
				05CA5CEF248C5F1700582319 /* Sources */,
				05CA5CF0248C5F1700582319 /* Frameworks */,
				05CA5CF1248C5F1700582319 /* Resources */,
			);
			buildRules = (
			);
			dependencies = (
			);
			name = LSPClient;
			productName = LSPClient;
			productReference = 05CA5CF3248C5F1700582319 /* LSPClient.app */;
			productType = "com.apple.product-type.application";
		};
		05CA5D08248C5F1A00582319 /* LSPClientTests */ = {
			isa = PBXNativeTarget;
			buildConfigurationList = 05CA5D15248C5F1A00582319 /* Build configuration list for PBXNativeTarget "LSPClientTests" */;
			buildPhases = (
				05CA5D05248C5F1A00582319 /* Sources */,
				05CA5D06248C5F1A00582319 /* Frameworks */,
				05CA5D07248C5F1A00582319 /* Resources */,
			);
			buildRules = (
			);
			dependencies = (
				05CA5D0B248C5F1A00582319 /* PBXTargetDependency */,
			);
			name = LSPClientTests;
			productName = LSPClientTests;
			productReference = 05CA5D09248C5F1A00582319 /* LSPClientTests.xctest */;
			productType = "com.apple.product-type.bundle.unit-test";
		};
/* End PBXNativeTarget section */

/* Begin PBXProject section */
		05CA5CEB248C5F1700582319 /* Project object */ = {
			isa = PBXProject;
			attributes = {
				LastSwiftUpdateCheck = 1150;
				LastUpgradeCheck = 1150;
				ORGANIZATIONNAME = Shion;
				TargetAttributes = {
					05CA5CF2248C5F1700582319 = {
						CreatedOnToolsVersion = 11.5;
					};
					05CA5D08248C5F1A00582319 = {
						CreatedOnToolsVersion = 11.5;
						TestTargetID = 05CA5CF2248C5F1700582319;
					};
				};
			};
			buildConfigurationList = 05CA5CEE248C5F1700582319 /* Build configuration list for PBXProject "LSPClient" */;
			compatibilityVersion = "Xcode 9.3";
			developmentRegion = en;
			hasScannedForEncodings = 0;
			knownRegions = (
				en,
				Base,
			);
			mainGroup = 05CA5CEA248C5F1700582319;
			productRefGroup = 05CA5CF4248C5F1700582319 /* Products */;
			projectDirPath = "";
			projectRoot = "";
			targets = (
				05CA5CF2248C5F1700582319 /* LSPClient */,
				05CA5D08248C5F1A00582319 /* LSPClientTests */,
			);
		};
/* End PBXProject section */

/* Begin PBXResourcesBuildPhase section */
		05CA5CF1248C5F1700582319 /* Resources */ = {
			isa = PBXResourcesBuildPhase;
			buildActionMask = 2147483647;
			files = (
				05CA5D03248C5F1900582319 /* LaunchScreen.storyboard in Resources */,
				05182B1D24D9DFE6007E8832 /* ClientCapabilities.yaml in Resources */,
				05182B2124D9F362007E8832 /* ClientCapabilities.plist in Resources */,
				05D4D4AF24D6B13500A76239 /* ClientCapabilities_test.plist in Resources */,
				05CA5D00248C5F1900582319 /* Assets.xcassets in Resources */,
			);
			runOnlyForDeploymentPostprocessing = 0;
		};
		05CA5D07248C5F1A00582319 /* Resources */ = {
			isa = PBXResourcesBuildPhase;
			buildActionMask = 2147483647;
			files = (
			);
			runOnlyForDeploymentPostprocessing = 0;
		};
/* End PBXResourcesBuildPhase section */

/* Begin PBXSourcesBuildPhase section */
		05CA5CEF248C5F1700582319 /* Sources */ = {
			isa = PBXSourcesBuildPhase;
			buildActionMask = 2147483647;
			files = (
				0540195B249373E700287026 /* FileResourceChanges.swift in Sources */,
				058B6A1D248D79C00099B32F /* AnyValue.swift in Sources */,
				05E6E6FD24F07E3600364E89 /* Token.swift in Sources */,
				05BAAB2624A3533A00A3EADC /* FileEvent.swift in Sources */,
				05BA10AF24D2D922009A3669 /* LSPConnection.swift in Sources */,
				05BAAB3224A3537200A3EADC /* Hover.swift in Sources */,
				056732D024960CE700E7650B /* TextDocumentPositionParams.swift in Sources */,
				05CFFB69248EBEA10069A7EA /* TCPConnection.swift in Sources */,
				05BAAB3E24A353A800A3EADC /* Rename.swift in Sources */,
				058B6A1B248D3D7C0099B32F /* ErrorResponse.swift in Sources */,
				05BAAB3424A3537B00A3EADC /* FindLocation.swift in Sources */,
				05BAAB1E24A3530E00A3EADC /* Initialize.swift in Sources */,
				05BAAB2224A3532300A3EADC /* Configuration.swift in Sources */,
				058B6A19248CF9DD0099B32F /* RequestID.swift in Sources */,
				0508BF2D24C97905005488A9 /* TextDocumentMessage.swift in Sources */,
				05BAAB3824A3538D00A3EADC /* Symbol.swift in Sources */,
				05114217250E77A1002A4056 /* MessageDelegate.swift in Sources */,
				05BAAB2E24A3535F00A3EADC /* PublishDiagnostic.swift in Sources */,
				05D4D4AB24D6AA7400A76239 /* PropertiesType.swift in Sources */,
				05BAAB2A24A3534D00A3EADC /* ExecuteCommand.swift in Sources */,
				056B5C2824E30E6C00797D95 /* LayoutManager.swift in Sources */,
				05114213250E7733002A4056 /* LSPConnectionDelegate.swift in Sources */,
				05BAAB2C24A3535600A3EADC /* ApplyWorkspaceEdit.swift in Sources */,
				05114215250E7774002A4056 /* MessageManagerDelegate.swift in Sources */,
				05BAAB3C24A3539F00A3EADC /* CodeFormat.swift in Sources */,
				05182B2424DA0364007E8832 /* ConfigType.swift in Sources */,
				0508BF2924C97267005488A9 /* ApplicationMessage.swift in Sources */,
				0540195124936C8200287026 /* LocationLink.swift in Sources */,
				05BAAB3024A3536900A3EADC /* Completion.swift in Sources */,
				05BAAB3A24A3539600A3EADC /* CodeAction.swift in Sources */,
				0508BF2B24C97798005488A9 /* WorkspaceMessage.swift in Sources */,
				056B5C2624E30E2900797D95 /* TextStorage.swift in Sources */,
				054019552493703600287026 /* Command.swift in Sources */,
				0589B59024DD4EDD006E0C6F /* LineTable.swift in Sources */,
				056732C8249606C300E7650B /* WorkspaceEdit.swift in Sources */,
				056732CA249609FB00E7650B /* TextDocumentIdentifier.swift in Sources */,
				054019572493708400287026 /* TextEdit.swift in Sources */,
				052C0AEE249072050040241F /* MessageMethod.swift in Sources */,
				05BAAB1C24A3530500A3EADC /* Common.swift in Sources */,
				056732D42496433E00E7650B /* MarkupContent.swift in Sources */,
				0541881D2490C71900C6D9A2 /* ParameterType.swift in Sources */,
				05BAAB3624A3538400A3EADC /* Highlight.swift in Sources */,
				0540194F24936C2300287026 /* Location.swift in Sources */,
				054019592493718200287026 /* TextDocumentEdit.swift in Sources */,
				0540194B24936BA900287026 /* TextPosition.swift in Sources */,
				058B6A17248CF9650099B32F /* Message.swift in Sources */,
				0540194924936B6100287026 /* URI.swift in Sources */,
				056B5C2B24E30EEC00797D95 /* EditorViewController.swift in Sources */,
				05CA5CF7248C5F1700582319 /* AppDelegate.swift in Sources */,
				056B5C2424E30DFB00797D95 /* EditorView.swift in Sources */,
				058B6A13248C687D0099B32F /* MessageManager.swift in Sources */,
				056732CC24960A2100E7650B /* TextDocumentItem.swift in Sources */,
				0540195324936CC600287026 /* Diagnostic.swift in Sources */,
				05182B2624DA0D52007E8832 /* LanguageServers.swift in Sources */,
				05BAAB2024A3531900A3EADC /* UserMessage.swift in Sources */,
				0514099A24B120920015BBDC /* VoidValue.swift in Sources */,
				056732D224960D4600E7650B /* DocumentFilter.swift in Sources */,
				0540191C24929D2100287026 /* RequiredValue.swift in Sources */,
				05828D7B249B6C7F008D2DA0 /* CodingError.swift in Sources */,
				05182B2824DA0E03007E8832 /* Workspaces.swift in Sources */,
				05D4D4AD24D6AB8600A76239 /* ClientCapabilities.swift in Sources */,
				056732CE24960A8800E7650B /* VersionedTextDocumentIdentifier.swift in Sources */,
				0540194D24936BE700287026 /* TextRange.swift in Sources */,
				05BAAB2824A3534300A3EADC /* WorkspaceSymbol.swift in Sources */,
			);
			runOnlyForDeploymentPostprocessing = 0;
		};
		05CA5D05248C5F1A00582319 /* Sources */ = {
			isa = PBXSourcesBuildPhase;
			buildActionMask = 2147483647;
			files = (
				05CA5D0E248C5F1A00582319 /* LSPClientTests.swift in Sources */,
				0529C51724D2DE4C005AB13F /* LSPCodingTests.swift in Sources */,
				0529C52024D2F3AD005AB13F /* Extensions.swift in Sources */,
				0529C51E24D2F379005AB13F /* Functions.swift in Sources */,
				0529C51A24D2DF43005AB13F /* TestConnection.swift in Sources */,
				0529C51524D2DE37005AB13F /* LSPMessagingTests.swift in Sources */,
				0529C51C24D2F33C005AB13F /* MessagingDelegateStub.swift in Sources */,
			);
			runOnlyForDeploymentPostprocessing = 0;
		};
/* End PBXSourcesBuildPhase section */

/* Begin PBXTargetDependency section */
		05CA5D0B248C5F1A00582319 /* PBXTargetDependency */ = {
			isa = PBXTargetDependency;
			target = 05CA5CF2248C5F1700582319 /* LSPClient */;
			targetProxy = 05CA5D0A248C5F1A00582319 /* PBXContainerItemProxy */;
		};
/* End PBXTargetDependency section */

/* Begin PBXVariantGroup section */
		05CA5D01248C5F1900582319 /* LaunchScreen.storyboard */ = {
			isa = PBXVariantGroup;
			children = (
				05CA5D02248C5F1900582319 /* Base */,
			);
			name = LaunchScreen.storyboard;
			path = .;
			sourceTree = "<group>";
		};
/* End PBXVariantGroup section */

/* Begin XCBuildConfiguration section */
		05CA5D10248C5F1A00582319 /* Debug */ = {
			isa = XCBuildConfiguration;
			buildSettings = {
				ALWAYS_SEARCH_USER_PATHS = NO;
				CLANG_ANALYZER_NONNULL = YES;
				CLANG_ANALYZER_NUMBER_OBJECT_CONVERSION = YES_AGGRESSIVE;
				CLANG_CXX_LANGUAGE_STANDARD = "gnu++14";
				CLANG_CXX_LIBRARY = "libc++";
				CLANG_ENABLE_MODULES = YES;
				CLANG_ENABLE_OBJC_ARC = YES;
				CLANG_ENABLE_OBJC_WEAK = YES;
				CLANG_WARN_BLOCK_CAPTURE_AUTORELEASING = YES;
				CLANG_WARN_BOOL_CONVERSION = YES;
				CLANG_WARN_COMMA = YES;
				CLANG_WARN_CONSTANT_CONVERSION = YES;
				CLANG_WARN_DEPRECATED_OBJC_IMPLEMENTATIONS = YES;
				CLANG_WARN_DIRECT_OBJC_ISA_USAGE = YES_ERROR;
				CLANG_WARN_DOCUMENTATION_COMMENTS = YES;
				CLANG_WARN_EMPTY_BODY = YES;
				CLANG_WARN_ENUM_CONVERSION = YES;
				CLANG_WARN_INFINITE_RECURSION = YES;
				CLANG_WARN_INT_CONVERSION = YES;
				CLANG_WARN_NON_LITERAL_NULL_CONVERSION = YES;
				CLANG_WARN_OBJC_IMPLICIT_RETAIN_SELF = YES;
				CLANG_WARN_OBJC_LITERAL_CONVERSION = YES;
				CLANG_WARN_OBJC_ROOT_CLASS = YES_ERROR;
				CLANG_WARN_RANGE_LOOP_ANALYSIS = YES;
				CLANG_WARN_STRICT_PROTOTYPES = YES;
				CLANG_WARN_SUSPICIOUS_MOVE = YES;
				CLANG_WARN_UNGUARDED_AVAILABILITY = YES_AGGRESSIVE;
				CLANG_WARN_UNREACHABLE_CODE = YES;
				CLANG_WARN__DUPLICATE_METHOD_MATCH = YES;
				COPY_PHASE_STRIP = NO;
				DEBUG_INFORMATION_FORMAT = dwarf;
				ENABLE_STRICT_OBJC_MSGSEND = YES;
				ENABLE_TESTABILITY = YES;
				GCC_C_LANGUAGE_STANDARD = gnu11;
				GCC_DYNAMIC_NO_PIC = NO;
				GCC_NO_COMMON_BLOCKS = YES;
				GCC_OPTIMIZATION_LEVEL = 0;
				GCC_PREPROCESSOR_DEFINITIONS = (
					"DEBUG=1",
					"$(inherited)",
				);
				GCC_WARN_64_TO_32_BIT_CONVERSION = YES;
				GCC_WARN_ABOUT_RETURN_TYPE = YES_ERROR;
				GCC_WARN_UNDECLARED_SELECTOR = YES;
				GCC_WARN_UNINITIALIZED_AUTOS = YES_AGGRESSIVE;
				GCC_WARN_UNUSED_FUNCTION = YES;
				GCC_WARN_UNUSED_VARIABLE = YES;
				IPHONEOS_DEPLOYMENT_TARGET = 13.5;
				MTL_ENABLE_DEBUG_INFO = INCLUDE_SOURCE;
				MTL_FAST_MATH = YES;
				ONLY_ACTIVE_ARCH = YES;
				SDKROOT = iphoneos;
				SWIFT_ACTIVE_COMPILATION_CONDITIONS = DEBUG;
				SWIFT_OPTIMIZATION_LEVEL = "-Onone";
			};
			name = Debug;
		};
		05CA5D11248C5F1A00582319 /* Release */ = {
			isa = XCBuildConfiguration;
			buildSettings = {
				ALWAYS_SEARCH_USER_PATHS = NO;
				CLANG_ANALYZER_NONNULL = YES;
				CLANG_ANALYZER_NUMBER_OBJECT_CONVERSION = YES_AGGRESSIVE;
				CLANG_CXX_LANGUAGE_STANDARD = "gnu++14";
				CLANG_CXX_LIBRARY = "libc++";
				CLANG_ENABLE_MODULES = YES;
				CLANG_ENABLE_OBJC_ARC = YES;
				CLANG_ENABLE_OBJC_WEAK = YES;
				CLANG_WARN_BLOCK_CAPTURE_AUTORELEASING = YES;
				CLANG_WARN_BOOL_CONVERSION = YES;
				CLANG_WARN_COMMA = YES;
				CLANG_WARN_CONSTANT_CONVERSION = YES;
				CLANG_WARN_DEPRECATED_OBJC_IMPLEMENTATIONS = YES;
				CLANG_WARN_DIRECT_OBJC_ISA_USAGE = YES_ERROR;
				CLANG_WARN_DOCUMENTATION_COMMENTS = YES;
				CLANG_WARN_EMPTY_BODY = YES;
				CLANG_WARN_ENUM_CONVERSION = YES;
				CLANG_WARN_INFINITE_RECURSION = YES;
				CLANG_WARN_INT_CONVERSION = YES;
				CLANG_WARN_NON_LITERAL_NULL_CONVERSION = YES;
				CLANG_WARN_OBJC_IMPLICIT_RETAIN_SELF = YES;
				CLANG_WARN_OBJC_LITERAL_CONVERSION = YES;
				CLANG_WARN_OBJC_ROOT_CLASS = YES_ERROR;
				CLANG_WARN_RANGE_LOOP_ANALYSIS = YES;
				CLANG_WARN_STRICT_PROTOTYPES = YES;
				CLANG_WARN_SUSPICIOUS_MOVE = YES;
				CLANG_WARN_UNGUARDED_AVAILABILITY = YES_AGGRESSIVE;
				CLANG_WARN_UNREACHABLE_CODE = YES;
				CLANG_WARN__DUPLICATE_METHOD_MATCH = YES;
				COPY_PHASE_STRIP = NO;
				DEBUG_INFORMATION_FORMAT = "dwarf-with-dsym";
				ENABLE_NS_ASSERTIONS = NO;
				ENABLE_STRICT_OBJC_MSGSEND = YES;
				GCC_C_LANGUAGE_STANDARD = gnu11;
				GCC_NO_COMMON_BLOCKS = YES;
				GCC_WARN_64_TO_32_BIT_CONVERSION = YES;
				GCC_WARN_ABOUT_RETURN_TYPE = YES_ERROR;
				GCC_WARN_UNDECLARED_SELECTOR = YES;
				GCC_WARN_UNINITIALIZED_AUTOS = YES_AGGRESSIVE;
				GCC_WARN_UNUSED_FUNCTION = YES;
				GCC_WARN_UNUSED_VARIABLE = YES;
				IPHONEOS_DEPLOYMENT_TARGET = 13.5;
				MTL_ENABLE_DEBUG_INFO = NO;
				MTL_FAST_MATH = YES;
				SDKROOT = iphoneos;
				SWIFT_COMPILATION_MODE = wholemodule;
				SWIFT_OPTIMIZATION_LEVEL = "-O";
				VALIDATE_PRODUCT = YES;
			};
			name = Release;
		};
		05CA5D13248C5F1A00582319 /* Debug */ = {
			isa = XCBuildConfiguration;
			buildSettings = {
				ASSETCATALOG_COMPILER_APPICON_NAME = AppIcon;
				CODE_SIGN_STYLE = Automatic;
				DEVELOPMENT_TEAM = 3469K9L7XC;
				INFOPLIST_FILE = LSPClient/resources/Info.plist;
				LD_RUNPATH_SEARCH_PATHS = (
					"$(inherited)",
					"@executable_path/Frameworks",
				);
				PRODUCT_BUNDLE_IDENTIFIER = com.skgw.LSPClient;
				PRODUCT_NAME = "$(TARGET_NAME)";
				SWIFT_VERSION = 5.0;
				TARGETED_DEVICE_FAMILY = "1,2";
			};
			name = Debug;
		};
		05CA5D14248C5F1A00582319 /* Release */ = {
			isa = XCBuildConfiguration;
			buildSettings = {
				ASSETCATALOG_COMPILER_APPICON_NAME = AppIcon;
				CODE_SIGN_STYLE = Automatic;
				DEVELOPMENT_TEAM = 3469K9L7XC;
				INFOPLIST_FILE = LSPClient/resources/Info.plist;
				LD_RUNPATH_SEARCH_PATHS = (
					"$(inherited)",
					"@executable_path/Frameworks",
				);
				PRODUCT_BUNDLE_IDENTIFIER = com.skgw.LSPClient;
				PRODUCT_NAME = "$(TARGET_NAME)";
				SWIFT_VERSION = 5.0;
				TARGETED_DEVICE_FAMILY = "1,2";
			};
			name = Release;
		};
		05CA5D16248C5F1A00582319 /* Debug */ = {
			isa = XCBuildConfiguration;
			buildSettings = {
				ALWAYS_EMBED_SWIFT_STANDARD_LIBRARIES = YES;
				BUNDLE_LOADER = "$(TEST_HOST)";
				CODE_SIGN_STYLE = Automatic;
				DEVELOPMENT_TEAM = 3469K9L7XC;
				INFOPLIST_FILE = LSPClientTests/Info.plist;
				IPHONEOS_DEPLOYMENT_TARGET = 13.5;
				LD_RUNPATH_SEARCH_PATHS = (
					"$(inherited)",
					"@executable_path/Frameworks",
					"@loader_path/Frameworks",
				);
				PRODUCT_BUNDLE_IDENTIFIER = com.skgw.LSPClientTests;
				PRODUCT_NAME = "$(TARGET_NAME)";
				SWIFT_VERSION = 5.0;
				TARGETED_DEVICE_FAMILY = "1,2";
				TEST_HOST = "$(BUILT_PRODUCTS_DIR)/LSPClient.app/LSPClient";
			};
			name = Debug;
		};
		05CA5D17248C5F1A00582319 /* Release */ = {
			isa = XCBuildConfiguration;
			buildSettings = {
				ALWAYS_EMBED_SWIFT_STANDARD_LIBRARIES = YES;
				BUNDLE_LOADER = "$(TEST_HOST)";
				CODE_SIGN_STYLE = Automatic;
				DEVELOPMENT_TEAM = 3469K9L7XC;
				INFOPLIST_FILE = LSPClientTests/Info.plist;
				IPHONEOS_DEPLOYMENT_TARGET = 13.5;
				LD_RUNPATH_SEARCH_PATHS = (
					"$(inherited)",
					"@executable_path/Frameworks",
					"@loader_path/Frameworks",
				);
				PRODUCT_BUNDLE_IDENTIFIER = com.skgw.LSPClientTests;
				PRODUCT_NAME = "$(TARGET_NAME)";
				SWIFT_VERSION = 5.0;
				TARGETED_DEVICE_FAMILY = "1,2";
				TEST_HOST = "$(BUILT_PRODUCTS_DIR)/LSPClient.app/LSPClient";
			};
			name = Release;
		};
/* End XCBuildConfiguration section */

/* Begin XCConfigurationList section */
		05CA5CEE248C5F1700582319 /* Build configuration list for PBXProject "LSPClient" */ = {
			isa = XCConfigurationList;
			buildConfigurations = (
				05CA5D10248C5F1A00582319 /* Debug */,
				05CA5D11248C5F1A00582319 /* Release */,
			);
			defaultConfigurationIsVisible = 0;
			defaultConfigurationName = Release;
		};
		05CA5D12248C5F1A00582319 /* Build configuration list for PBXNativeTarget "LSPClient" */ = {
			isa = XCConfigurationList;
			buildConfigurations = (
				05CA5D13248C5F1A00582319 /* Debug */,
				05CA5D14248C5F1A00582319 /* Release */,
			);
			defaultConfigurationIsVisible = 0;
			defaultConfigurationName = Release;
		};
		05CA5D15248C5F1A00582319 /* Build configuration list for PBXNativeTarget "LSPClientTests" */ = {
			isa = XCConfigurationList;
			buildConfigurations = (
				05CA5D16248C5F1A00582319 /* Debug */,
				05CA5D17248C5F1A00582319 /* Release */,
			);
			defaultConfigurationIsVisible = 0;
			defaultConfigurationName = Release;
		};
/* End XCConfigurationList section */
	};
	rootObject = 05CA5CEB248C5F1700582319 /* Project object */;
}
