// !$*UTF8*$!
{
	archiveVersion = 1;
	classes = {
	};
	objectVersion = 50;
	objects = {

/* Begin PBXBuildFile section */
		05CA5CF7248C5F1700582319 /* AppDelegate.swift in Sources */ = {isa = PBXBuildFile; fileRef = 05CA5CF6248C5F1700582319 /* AppDelegate.swift */; };
		05CA5CF9248C5F1700582319 /* SceneDelegate.swift in Sources */ = {isa = PBXBuildFile; fileRef = 05CA5CF8248C5F1700582319 /* SceneDelegate.swift */; };
		05CA5CFB248C5F1700582319 /* ViewController.swift in Sources */ = {isa = PBXBuildFile; fileRef = 05CA5CFA248C5F1700582319 /* ViewController.swift */; };
		05CA5CFE248C5F1700582319 /* Main.storyboard in Resources */ = {isa = PBXBuildFile; fileRef = 05CA5CFC248C5F1700582319 /* Main.storyboard */; };
		05CA5D00248C5F1900582319 /* Assets.xcassets in Resources */ = {isa = PBXBuildFile; fileRef = 05CA5CFF248C5F1900582319 /* Assets.xcassets */; };
		05CA5D03248C5F1900582319 /* LaunchScreen.storyboard in Resources */ = {isa = PBXBuildFile; fileRef = 05CA5D01248C5F1900582319 /* LaunchScreen.storyboard */; };
		05CA5D0E248C5F1A00582319 /* LSPClientTests.swift in Sources */ = {isa = PBXBuildFile; fileRef = 05CA5D0D248C5F1A00582319 /* LSPClientTests.swift */; };
/* End PBXBuildFile section */

/* Begin PBXContainerItemProxy section */
		05CA5D0A248C5F1A00582319 /* PBXContainerItemProxy */ = {
			isa = PBXContainerItemProxy;
			containerPortal = 05CA5CEB248C5F1700582319 /* Project object */;
			proxyType = 1;
			remoteGlobalIDString = 05CA5CF2248C5F1700582319;
			remoteInfo = LSPClient;
		};
/* End PBXContainerItemProxy section */

/* Begin PBXFileReference section */
		05CA5CF3248C5F1700582319 /* LSPClient.app */ = {isa = PBXFileReference; explicitFileType = wrapper.application; includeInIndex = 0; path = LSPClient.app; sourceTree = BUILT_PRODUCTS_DIR; };
		05CA5CF6248C5F1700582319 /* AppDelegate.swift */ = {isa = PBXFileReference; lastKnownFileType = sourcecode.swift; path = AppDelegate.swift; sourceTree = "<group>"; };
		05CA5CF8248C5F1700582319 /* SceneDelegate.swift */ = {isa = PBXFileReference; lastKnownFileType = sourcecode.swift; path = SceneDelegate.swift; sourceTree = "<group>"; };
		05CA5CFA248C5F1700582319 /* ViewController.swift */ = {isa = PBXFileReference; lastKnownFileType = sourcecode.swift; path = ViewController.swift; sourceTree = "<group>"; };
		05CA5CFD248C5F1700582319 /* Base */ = {isa = PBXFileReference; lastKnownFileType = file.storyboard; name = Base; path = Base.lproj/Main.storyboard; sourceTree = "<group>"; };
		05CA5CFF248C5F1900582319 /* Assets.xcassets */ = {isa = PBXFileReference; lastKnownFileType = folder.assetcatalog; path = Assets.xcassets; sourceTree = "<group>"; };
		05CA5D02248C5F1900582319 /* Base */ = {isa = PBXFileReference; lastKnownFileType = file.storyboard; name = Base; path = Base.lproj/LaunchScreen.storyboard; sourceTree = "<group>"; };
		05CA5D04248C5F1900582319 /* Info.plist */ = {isa = PBXFileReference; lastKnownFileType = text.plist.xml; path = Info.plist; sourceTree = "<group>"; };
		05CA5D09248C5F1A00582319 /* LSPClientTests.xctest */ = {isa = PBXFileReference; explicitFileType = wrapper.cfbundle; includeInIndex = 0; path = LSPClientTests.xctest; sourceTree = BUILT_PRODUCTS_DIR; };
		05CA5D0D248C5F1A00582319 /* LSPClientTests.swift */ = {isa = PBXFileReference; lastKnownFileType = sourcecode.swift; path = LSPClientTests.swift; sourceTree = "<group>"; };
		05CA5D0F248C5F1A00582319 /* Info.plist */ = {isa = PBXFileReference; lastKnownFileType = text.plist.xml; path = Info.plist; sourceTree = "<group>"; };
/* End PBXFileReference section */

/* Begin PBXFrameworksBuildPhase section */
		05CA5CF0248C5F1700582319 /* Frameworks */ = {
			isa = PBXFrameworksBuildPhase;
			buildActionMask = 2147483647;
			files = (
			);
			runOnlyForDeploymentPostprocessing = 0;
		};
		05CA5D06248C5F1A00582319 /* Frameworks */ = {
			isa = PBXFrameworksBuildPhase;
			buildActionMask = 2147483647;
			files = (
			);
			runOnlyForDeploymentPostprocessing = 0;
		};
/* End PBXFrameworksBuildPhase section */

/* Begin PBXGroup section */
		05CA5CEA248C5F1700582319 = {
			isa = PBXGroup;
			children = (
				05CA5CF5248C5F1700582319 /* LSPClient */,
				05CA5D0C248C5F1A00582319 /* LSPClientTests */,
				05CA5CF4248C5F1700582319 /* Products */,
			);
			sourceTree = "<group>";
		};
		05CA5CF4248C5F1700582319 /* Products */ = {
			isa = PBXGroup;
			children = (
				05CA5CF3248C5F1700582319 /* LSPClient.app */,
				05CA5D09248C5F1A00582319 /* LSPClientTests.xctest */,
			);
			name = Products;
			sourceTree = "<group>";
		};
		05CA5CF5248C5F1700582319 /* LSPClient */ = {
			isa = PBXGroup;
			children = (
				05CA5CF6248C5F1700582319 /* AppDelegate.swift */,
				05CA5CF8248C5F1700582319 /* SceneDelegate.swift */,
				05CA5CFA248C5F1700582319 /* ViewController.swift */,
				05CA5CFC248C5F1700582319 /* Main.storyboard */,
				05CA5CFF248C5F1900582319 /* Assets.xcassets */,
				05CA5D01248C5F1900582319 /* LaunchScreen.storyboard */,
				05CA5D04248C5F1900582319 /* Info.plist */,
			);
			path = LSPClient;
			sourceTree = "<group>";
		};
		05CA5D0C248C5F1A00582319 /* LSPClientTests */ = {
			isa = PBXGroup;
			children = (
				05CA5D0D248C5F1A00582319 /* LSPClientTests.swift */,
				05CA5D0F248C5F1A00582319 /* Info.plist */,
			);
			path = LSPClientTests;
			sourceTree = "<group>";
		};
/* End PBXGroup section */

/* Begin PBXNativeTarget section */
		05CA5CF2248C5F1700582319 /* LSPClient */ = {
			isa = PBXNativeTarget;
			buildConfigurationList = 05CA5D12248C5F1A00582319 /* Build configuration list for PBXNativeTarget "LSPClient" */;
			buildPhases = (
				05CA5CEF248C5F1700582319 /* Sources */,
				05CA5CF0248C5F1700582319 /* Frameworks */,
				05CA5CF1248C5F1700582319 /* Resources */,
			);
			buildRules = (
			);
			dependencies = (
			);
			name = LSPClient;
			productName = LSPClient;
			productReference = 05CA5CF3248C5F1700582319 /* LSPClient.app */;
			productType = "com.apple.product-type.application";
		};
		05CA5D08248C5F1A00582319 /* LSPClientTests */ = {
			isa = PBXNativeTarget;
			buildConfigurationList = 05CA5D15248C5F1A00582319 /* Build configuration list for PBXNativeTarget "LSPClientTests" */;
			buildPhases = (
				05CA5D05248C5F1A00582319 /* Sources */,
				05CA5D06248C5F1A00582319 /* Frameworks */,
				05CA5D07248C5F1A00582319 /* Resources */,
			);
			buildRules = (
			);
			dependencies = (
				05CA5D0B248C5F1A00582319 /* PBXTargetDependency */,
			);
			name = LSPClientTests;
			productName = LSPClientTests;
			productReference = 05CA5D09248C5F1A00582319 /* LSPClientTests.xctest */;
			productType = "com.apple.product-type.bundle.unit-test";
		};
/* End PBXNativeTarget section */

/* Begin PBXProject section */
		05CA5CEB248C5F1700582319 /* Project object */ = {
			isa = PBXProject;
			attributes = {
				LastSwiftUpdateCheck = 1150;
				LastUpgradeCheck = 1150;
				ORGANIZATIONNAME = Shion;
				TargetAttributes = {
					05CA5CF2248C5F1700582319 = {
						CreatedOnToolsVersion = 11.5;
					};
					05CA5D08248C5F1A00582319 = {
						CreatedOnToolsVersion = 11.5;
						TestTargetID = 05CA5CF2248C5F1700582319;
					};
				};
			};
			buildConfigurationList = 05CA5CEE248C5F1700582319 /* Build configuration list for PBXProject "LSPClient" */;
			compatibilityVersion = "Xcode 9.3";
			developmentRegion = en;
			hasScannedForEncodings = 0;
			knownRegions = (
				en,
				Base,
			);
			mainGroup = 05CA5CEA248C5F1700582319;
			productRefGroup = 05CA5CF4248C5F1700582319 /* Products */;
			projectDirPath = "";
			projectRoot = "";
			targets = (
				05CA5CF2248C5F1700582319 /* LSPClient */,
				05CA5D08248C5F1A00582319 /* LSPClientTests */,
			);
		};
/* End PBXProject section */

/* Begin PBXResourcesBuildPhase section */
		05CA5CF1248C5F1700582319 /* Resources */ = {
			isa = PBXResourcesBuildPhase;
			buildActionMask = 2147483647;
			files = (
				05CA5D03248C5F1900582319 /* LaunchScreen.storyboard in Resources */,
				05CA5D00248C5F1900582319 /* Assets.xcassets in Resources */,
				05CA5CFE248C5F1700582319 /* Main.storyboard in Resources */,
			);
			runOnlyForDeploymentPostprocessing = 0;
		};
		05CA5D07248C5F1A00582319 /* Resources */ = {
			isa = PBXResourcesBuildPhase;
			buildActionMask = 2147483647;
			files = (
			);
			runOnlyForDeploymentPostprocessing = 0;
		};
/* End PBXResourcesBuildPhase section */

/* Begin PBXSourcesBuildPhase section */
		05CA5CEF248C5F1700582319 /* Sources */ = {
			isa = PBXSourcesBuildPhase;
			buildActionMask = 2147483647;
			files = (
				05CA5CFB248C5F1700582319 /* ViewController.swift in Sources */,
				05CA5CF7248C5F1700582319 /* AppDelegate.swift in Sources */,
				05CA5CF9248C5F1700582319 /* SceneDelegate.swift in Sources */,
			);
			runOnlyForDeploymentPostprocessing = 0;
		};
		05CA5D05248C5F1A00582319 /* Sources */ = {
			isa = PBXSourcesBuildPhase;
			buildActionMask = 2147483647;
			files = (
				05CA5D0E248C5F1A00582319 /* LSPClientTests.swift in Sources */,
			);
			runOnlyForDeploymentPostprocessing = 0;
		};
/* End PBXSourcesBuildPhase section */

/* Begin PBXTargetDependency section */
		05CA5D0B248C5F1A00582319 /* PBXTargetDependency */ = {
			isa = PBXTargetDependency;
			target = 05CA5CF2248C5F1700582319 /* LSPClient */;
			targetProxy = 05CA5D0A248C5F1A00582319 /* PBXContainerItemProxy */;
		};
/* End PBXTargetDependency section */

/* Begin PBXVariantGroup section */
		05CA5CFC248C5F1700582319 /* Main.storyboard */ = {
			isa = PBXVariantGroup;
			children = (
				05CA5CFD248C5F1700582319 /* Base */,
			);
			name = Main.storyboard;
			sourceTree = "<group>";
		};
		05CA5D01248C5F1900582319 /* LaunchScreen.storyboard */ = {
			isa = PBXVariantGroup;
			children = (
				05CA5D02248C5F1900582319 /* Base */,
			);
			name = LaunchScreen.storyboard;
			sourceTree = "<group>";
		};
/* End PBXVariantGroup section */

/* Begin XCBuildConfiguration section */
		05CA5D10248C5F1A00582319 /* Debug */ = {
			isa = XCBuildConfiguration;
			buildSettings = {
				ALWAYS_SEARCH_USER_PATHS = NO;
				CLANG_ANALYZER_NONNULL = YES;
				CLANG_ANALYZER_NUMBER_OBJECT_CONVERSION = YES_AGGRESSIVE;
				CLANG_CXX_LANGUAGE_STANDARD = "gnu++14";
				CLANG_CXX_LIBRARY = "libc++";
				CLANG_ENABLE_MODULES = YES;
				CLANG_ENABLE_OBJC_ARC = YES;
				CLANG_ENABLE_OBJC_WEAK = YES;
				CLANG_WARN_BLOCK_CAPTURE_AUTORELEASING = YES;
				CLANG_WARN_BOOL_CONVERSION = YES;
				CLANG_WARN_COMMA = YES;
				CLANG_WARN_CONSTANT_CONVERSION = YES;
				CLANG_WARN_DEPRECATED_OBJC_IMPLEMENTATIONS = YES;
				CLANG_WARN_DIRECT_OBJC_ISA_USAGE = YES_ERROR;
				CLANG_WARN_DOCUMENTATION_COMMENTS = YES;
				CLANG_WARN_EMPTY_BODY = YES;
				CLANG_WARN_ENUM_CONVERSION = YES;
				CLANG_WARN_INFINITE_RECURSION = YES;
				CLANG_WARN_INT_CONVERSION = YES;
				CLANG_WARN_NON_LITERAL_NULL_CONVERSION = YES;
				CLANG_WARN_OBJC_IMPLICIT_RETAIN_SELF = YES;
				CLANG_WARN_OBJC_LITERAL_CONVERSION = YES;
				CLANG_WARN_OBJC_ROOT_CLASS = YES_ERROR;
				CLANG_WARN_RANGE_LOOP_ANALYSIS = YES;
				CLANG_WARN_STRICT_PROTOTYPES = YES;
				CLANG_WARN_SUSPICIOUS_MOVE = YES;
				CLANG_WARN_UNGUARDED_AVAILABILITY = YES_AGGRESSIVE;
				CLANG_WARN_UNREACHABLE_CODE = YES;
				CLANG_WARN__DUPLICATE_METHOD_MATCH = YES;
				COPY_PHASE_STRIP = NO;
				DEBUG_INFORMATION_FORMAT = dwarf;
				ENABLE_STRICT_OBJC_MSGSEND = YES;
				ENABLE_TESTABILITY = YES;
				GCC_C_LANGUAGE_STANDARD = gnu11;
				GCC_DYNAMIC_NO_PIC = NO;
				GCC_NO_COMMON_BLOCKS = YES;
				GCC_OPTIMIZATION_LEVEL = 0;
				GCC_PREPROCESSOR_DEFINITIONS = (
					"DEBUG=1",
					"$(inherited)",
				);
				GCC_WARN_64_TO_32_BIT_CONVERSION = YES;
				GCC_WARN_ABOUT_RETURN_TYPE = YES_ERROR;
				GCC_WARN_UNDECLARED_SELECTOR = YES;
				GCC_WARN_UNINITIALIZED_AUTOS = YES_AGGRESSIVE;
				GCC_WARN_UNUSED_FUNCTION = YES;
				GCC_WARN_UNUSED_VARIABLE = YES;
				IPHONEOS_DEPLOYMENT_TARGET = 13.5;
				MTL_ENABLE_DEBUG_INFO = INCLUDE_SOURCE;
				MTL_FAST_MATH = YES;
				ONLY_ACTIVE_ARCH = YES;
				SDKROOT = iphoneos;
				SWIFT_ACTIVE_COMPILATION_CONDITIONS = DEBUG;
				SWIFT_OPTIMIZATION_LEVEL = "-Onone";
			};
			name = Debug;
		};
		05CA5D11248C5F1A00582319 /* Release */ = {
			isa = XCBuildConfiguration;
			buildSettings = {
				ALWAYS_SEARCH_USER_PATHS = NO;
				CLANG_ANALYZER_NONNULL = YES;
				CLANG_ANALYZER_NUMBER_OBJECT_CONVERSION = YES_AGGRESSIVE;
				CLANG_CXX_LANGUAGE_STANDARD = "gnu++14";
				CLANG_CXX_LIBRARY = "libc++";
				CLANG_ENABLE_MODULES = YES;
				CLANG_ENABLE_OBJC_ARC = YES;
				CLANG_ENABLE_OBJC_WEAK = YES;
				CLANG_WARN_BLOCK_CAPTURE_AUTORELEASING = YES;
				CLANG_WARN_BOOL_CONVERSION = YES;
				CLANG_WARN_COMMA = YES;
				CLANG_WARN_CONSTANT_CONVERSION = YES;
				CLANG_WARN_DEPRECATED_OBJC_IMPLEMENTATIONS = YES;
				CLANG_WARN_DIRECT_OBJC_ISA_USAGE = YES_ERROR;
				CLANG_WARN_DOCUMENTATION_COMMENTS = YES;
				CLANG_WARN_EMPTY_BODY = YES;
				CLANG_WARN_ENUM_CONVERSION = YES;
				CLANG_WARN_INFINITE_RECURSION = YES;
				CLANG_WARN_INT_CONVERSION = YES;
				CLANG_WARN_NON_LITERAL_NULL_CONVERSION = YES;
				CLANG_WARN_OBJC_IMPLICIT_RETAIN_SELF = YES;
				CLANG_WARN_OBJC_LITERAL_CONVERSION = YES;
				CLANG_WARN_OBJC_ROOT_CLASS = YES_ERROR;
				CLANG_WARN_RANGE_LOOP_ANALYSIS = YES;
				CLANG_WARN_STRICT_PROTOTYPES = YES;
				CLANG_WARN_SUSPICIOUS_MOVE = YES;
				CLANG_WARN_UNGUARDED_AVAILABILITY = YES_AGGRESSIVE;
				CLANG_WARN_UNREACHABLE_CODE = YES;
				CLANG_WARN__DUPLICATE_METHOD_MATCH = YES;
				COPY_PHASE_STRIP = NO;
				DEBUG_INFORMATION_FORMAT = "dwarf-with-dsym";
				ENABLE_NS_ASSERTIONS = NO;
				ENABLE_STRICT_OBJC_MSGSEND = YES;
				GCC_C_LANGUAGE_STANDARD = gnu11;
				GCC_NO_COMMON_BLOCKS = YES;
				GCC_WARN_64_TO_32_BIT_CONVERSION = YES;
				GCC_WARN_ABOUT_RETURN_TYPE = YES_ERROR;
				GCC_WARN_UNDECLARED_SELECTOR = YES;
				GCC_WARN_UNINITIALIZED_AUTOS = YES_AGGRESSIVE;
				GCC_WARN_UNUSED_FUNCTION = YES;
				GCC_WARN_UNUSED_VARIABLE = YES;
				IPHONEOS_DEPLOYMENT_TARGET = 13.5;
				MTL_ENABLE_DEBUG_INFO = NO;
				MTL_FAST_MATH = YES;
				SDKROOT = iphoneos;
				SWIFT_COMPILATION_MODE = wholemodule;
				SWIFT_OPTIMIZATION_LEVEL = "-O";
				VALIDATE_PRODUCT = YES;
			};
			name = Release;
		};
		05CA5D13248C5F1A00582319 /* Debug */ = {
			isa = XCBuildConfiguration;
			buildSettings = {
				ASSETCATALOG_COMPILER_APPICON_NAME = AppIcon;
				CODE_SIGN_STYLE = Automatic;
				DEVELOPMENT_TEAM = 3469K9L7XC;
				INFOPLIST_FILE = LSPClient/Info.plist;
				LD_RUNPATH_SEARCH_PATHS = (
					"$(inherited)",
					"@executable_path/Frameworks",
				);
				PRODUCT_BUNDLE_IDENTIFIER = com.skgw.LSPClient;
				PRODUCT_NAME = "$(TARGET_NAME)";
				SWIFT_VERSION = 5.0;
				TARGETED_DEVICE_FAMILY = "1,2";
			};
			name = Debug;
		};
		05CA5D14248C5F1A00582319 /* Release */ = {
			isa = XCBuildConfiguration;
			buildSettings = {
				ASSETCATALOG_COMPILER_APPICON_NAME = AppIcon;
				CODE_SIGN_STYLE = Automatic;
				DEVELOPMENT_TEAM = 3469K9L7XC;
				INFOPLIST_FILE = LSPClient/Info.plist;
				LD_RUNPATH_SEARCH_PATHS = (
					"$(inherited)",
					"@executable_path/Frameworks",
				);
				PRODUCT_BUNDLE_IDENTIFIER = com.skgw.LSPClient;
				PRODUCT_NAME = "$(TARGET_NAME)";
				SWIFT_VERSION = 5.0;
				TARGETED_DEVICE_FAMILY = "1,2";
			};
			name = Release;
		};
		05CA5D16248C5F1A00582319 /* Debug */ = {
			isa = XCBuildConfiguration;
			buildSettings = {
				ALWAYS_EMBED_SWIFT_STANDARD_LIBRARIES = YES;
				BUNDLE_LOADER = "$(TEST_HOST)";
				CODE_SIGN_STYLE = Automatic;
				DEVELOPMENT_TEAM = 3469K9L7XC;
				INFOPLIST_FILE = LSPClientTests/Info.plist;
				IPHONEOS_DEPLOYMENT_TARGET = 13.5;
				LD_RUNPATH_SEARCH_PATHS = (
					"$(inherited)",
					"@executable_path/Frameworks",
					"@loader_path/Frameworks",
				);
				PRODUCT_BUNDLE_IDENTIFIER = com.skgw.LSPClientTests;
				PRODUCT_NAME = "$(TARGET_NAME)";
				SWIFT_VERSION = 5.0;
				TARGETED_DEVICE_FAMILY = "1,2";
				TEST_HOST = "$(BUILT_PRODUCTS_DIR)/LSPClient.app/LSPClient";
			};
			name = Debug;
		};
		05CA5D17248C5F1A00582319 /* Release */ = {
			isa = XCBuildConfiguration;
			buildSettings = {
				ALWAYS_EMBED_SWIFT_STANDARD_LIBRARIES = YES;
				BUNDLE_LOADER = "$(TEST_HOST)";
				CODE_SIGN_STYLE = Automatic;
				DEVELOPMENT_TEAM = 3469K9L7XC;
				INFOPLIST_FILE = LSPClientTests/Info.plist;
				IPHONEOS_DEPLOYMENT_TARGET = 13.5;
				LD_RUNPATH_SEARCH_PATHS = (
					"$(inherited)",
					"@executable_path/Frameworks",
					"@loader_path/Frameworks",
				);
				PRODUCT_BUNDLE_IDENTIFIER = com.skgw.LSPClientTests;
				PRODUCT_NAME = "$(TARGET_NAME)";
				SWIFT_VERSION = 5.0;
				TARGETED_DEVICE_FAMILY = "1,2";
				TEST_HOST = "$(BUILT_PRODUCTS_DIR)/LSPClient.app/LSPClient";
			};
			name = Release;
		};
/* End XCBuildConfiguration section */

/* Begin XCConfigurationList section */
		05CA5CEE248C5F1700582319 /* Build configuration list for PBXProject "LSPClient" */ = {
			isa = XCConfigurationList;
			buildConfigurations = (
				05CA5D10248C5F1A00582319 /* Debug */,
				05CA5D11248C5F1A00582319 /* Release */,
			);
			defaultConfigurationIsVisible = 0;
			defaultConfigurationName = Release;
		};
		05CA5D12248C5F1A00582319 /* Build configuration list for PBXNativeTarget "LSPClient" */ = {
			isa = XCConfigurationList;
			buildConfigurations = (
				05CA5D13248C5F1A00582319 /* Debug */,
				05CA5D14248C5F1A00582319 /* Release */,
			);
			defaultConfigurationIsVisible = 0;
			defaultConfigurationName = Release;
		};
		05CA5D15248C5F1A00582319 /* Build configuration list for PBXNativeTarget "LSPClientTests" */ = {
			isa = XCConfigurationList;
			buildConfigurations = (
				05CA5D16248C5F1A00582319 /* Debug */,
				05CA5D17248C5F1A00582319 /* Release */,
			);
			defaultConfigurationIsVisible = 0;
			defaultConfigurationName = Release;
		};
/* End XCConfigurationList section */
	};
	rootObject = 05CA5CEB248C5F1700582319 /* Project object */;
}
